// !$*UTF8*$!
{
	archiveVersion = 1;
	classes = {
	};
	objectVersion = 46;
	objects = {

/* Begin PBXBuildFile section */
		7D14835C1BDA15D300845442 /* cat.wav in Resources */ = {isa = PBXBuildFile; fileRef = 7D1483571BDA15D300845442 /* cat.wav */; };
		7D14835D1BDA15D300845442 /* chicken.wav in Resources */ = {isa = PBXBuildFile; fileRef = 7D1483581BDA15D300845442 /* chicken.wav */; };
		7D14835E1BDA15D300845442 /* cow.wav in Resources */ = {isa = PBXBuildFile; fileRef = 7D1483591BDA15D300845442 /* cow.wav */; };
		7D14835F1BDA15D300845442 /* dog.wav in Resources */ = {isa = PBXBuildFile; fileRef = 7D14835A1BDA15D300845442 /* dog.wav */; };
		7D1483601BDA15D300845442 /* duck.wav in Resources */ = {isa = PBXBuildFile; fileRef = 7D14835B1BDA15D300845442 /* duck.wav */; };
		7D14836B1BDA2EFE00845442 /* robo1.png in Resources */ = {isa = PBXBuildFile; fileRef = 7D1483611BDA2EFE00845442 /* robo1.png */; };
		7D14836C1BDA2EFE00845442 /* robo2.png in Resources */ = {isa = PBXBuildFile; fileRef = 7D1483621BDA2EFE00845442 /* robo2.png */; };
		7D14836D1BDA2EFE00845442 /* robo3.png in Resources */ = {isa = PBXBuildFile; fileRef = 7D1483631BDA2EFE00845442 /* robo3.png */; };
		7D14836E1BDA2EFE00845442 /* robo4.png in Resources */ = {isa = PBXBuildFile; fileRef = 7D1483641BDA2EFE00845442 /* robo4.png */; };
		7D14836F1BDA2EFE00845442 /* robo5.png in Resources */ = {isa = PBXBuildFile; fileRef = 7D1483651BDA2EFE00845442 /* robo5.png */; };
		7D1483701BDA2EFE00845442 /* robo6.png in Resources */ = {isa = PBXBuildFile; fileRef = 7D1483661BDA2EFE00845442 /* robo6.png */; };
		7D1483711BDA2EFE00845442 /* robo7.png in Resources */ = {isa = PBXBuildFile; fileRef = 7D1483671BDA2EFE00845442 /* robo7.png */; };
		7D1483721BDA2EFE00845442 /* robo8.png in Resources */ = {isa = PBXBuildFile; fileRef = 7D1483681BDA2EFE00845442 /* robo8.png */; };
		7D1483731BDA2EFE00845442 /* robo9.png in Resources */ = {isa = PBXBuildFile; fileRef = 7D1483691BDA2EFE00845442 /* robo9.png */; };
		7D1483741BDA2EFE00845442 /* robo10.png in Resources */ = {isa = PBXBuildFile; fileRef = 7D14836A1BDA2EFE00845442 /* robo10.png */; };
		7D1483771BDA2FFD00845442 /* AnimateViewController.m in Sources */ = {isa = PBXBuildFile; fileRef = 7D1483761BDA2FFD00845442 /* AnimateViewController.m */; };
		7D1483791BDA35DC00845442 /* calc.gif in Resources */ = {isa = PBXBuildFile; fileRef = 7D1483781BDA35DC00845442 /* calc.gif */; };
		7D6CD1541BD9F75000A33598 /* 4-H-Dog.png in Resources */ = {isa = PBXBuildFile; fileRef = 7D6CD1481BD9F75000A33598 /* 4-H-Dog.png */; };
		7D6CD1551BD9F75000A33598 /* cat-3-icon.png in Resources */ = {isa = PBXBuildFile; fileRef = 7D6CD1491BD9F75000A33598 /* cat-3-icon.png */; };
		7D6CD1561BD9F75000A33598 /* cat-speech 16-19-43-065.png in Resources */ = {isa = PBXBuildFile; fileRef = 7D6CD14A1BD9F75000A33598 /* cat-speech 16-19-43-065.png */; };
		7D6CD1571BD9F75000A33598 /* chicken-image.png in Resources */ = {isa = PBXBuildFile; fileRef = 7D6CD14B1BD9F75000A33598 /* chicken-image.png */; };
		7D6CD1581BD9F75000A33598 /* chicken-speech.png in Resources */ = {isa = PBXBuildFile; fileRef = 7D6CD14C1BD9F75000A33598 /* chicken-speech.png */; };
		7D6CD1591BD9F75000A33598 /* cow-speech 16-19-43-098.png in Resources */ = {isa = PBXBuildFile; fileRef = 7D6CD14D1BD9F75000A33598 /* cow-speech 16-19-43-098.png */; };
		7D6CD15A1BD9F75000A33598 /* Dog-speech 16-19-43-071.png in Resources */ = {isa = PBXBuildFile; fileRef = 7D6CD14E1BD9F75000A33598 /* Dog-speech 16-19-43-071.png */; };
		7D6CD15B1BD9F75000A33598 /* Duck-image.png in Resources */ = {isa = PBXBuildFile; fileRef = 7D6CD14F1BD9F75000A33598 /* Duck-image.png */; };
		7D6CD15C1BD9F75000A33598 /* duck-speech.png in Resources */ = {isa = PBXBuildFile; fileRef = 7D6CD1501BD9F75000A33598 /* duck-speech.png */; };
		7D6CD15D1BD9F75000A33598 /* Icon_cow_adult_guernsey_128-1.png in Resources */ = {isa = PBXBuildFile; fileRef = 7D6CD1511BD9F75000A33598 /* Icon_cow_adult_guernsey_128-1.png */; };
		7D6CD15E1BD9F75000A33598 /* snake-image.png in Resources */ = {isa = PBXBuildFile; fileRef = 7D6CD1521BD9F75000A33598 /* snake-image.png */; };
		7D6CD15F1BD9F75000A33598 /* snake-sppech.png in Resources */ = {isa = PBXBuildFile; fileRef = 7D6CD1531BD9F75000A33598 /* snake-sppech.png */; };
		7D6CD1631BD9FB9D00A33598 /* AudioToolbox.framework in Frameworks */ = {isa = PBXBuildFile; fileRef = 7D6CD1621BD9FB9D00A33598 /* AudioToolbox.framework */; };
		7D6CD1651BDA0A9A00A33598 /* AVFoundation.framework in Frameworks */ = {isa = PBXBuildFile; fileRef = 7D6CD1641BDA0A9A00A33598 /* AVFoundation.framework */; };
		7D6CD1671BDA0AB900A33598 /* AVKit.framework in Frameworks */ = {isa = PBXBuildFile; fileRef = 7D6CD1661BDA0AB900A33598 /* AVKit.framework */; };
		7D6CD1691BDA0C9800A33598 /* CoreGraphics.framework in Frameworks */ = {isa = PBXBuildFile; fileRef = 7D6CD1681BDA0C9800A33598 /* CoreGraphics.framework */; };
		7DD81E571BB958A00056EE23 /* main.m in Sources */ = {isa = PBXBuildFile; fileRef = 7DD81E561BB958A00056EE23 /* main.m */; };
		7DD81E5A1BB958A00056EE23 /* AppDelegate.m in Sources */ = {isa = PBXBuildFile; fileRef = 7DD81E591BB958A00056EE23 /* AppDelegate.m */; };
		7DD81E5D1BB958A00056EE23 /* ViewController.m in Sources */ = {isa = PBXBuildFile; fileRef = 7DD81E5C1BB958A00056EE23 /* ViewController.m */; };
		7DD81E601BB958A00056EE23 /* Main.storyboard in Resources */ = {isa = PBXBuildFile; fileRef = 7DD81E5E1BB958A00056EE23 /* Main.storyboard */; };
		7DD81E621BB958A00056EE23 /* Images.xcassets in Resources */ = {isa = PBXBuildFile; fileRef = 7DD81E611BB958A00056EE23 /* Images.xcassets */; };
		7DD81E651BB958A00056EE23 /* LaunchScreen.xib in Resources */ = {isa = PBXBuildFile; fileRef = 7DD81E631BB958A00056EE23 /* LaunchScreen.xib */; };
		7DD81E711BB958A10056EE23 /* How_they_sound_Tests.m in Sources */ = {isa = PBXBuildFile; fileRef = 7DD81E701BB958A10056EE23 /* How_they_sound_Tests.m */; };
		7DD81E841BB9682C0056EE23 /* AnimalSound.m in Sources */ = {isa = PBXBuildFile; fileRef = 7DD81E831BB9682C0056EE23 /* AnimalSound.m */; };
/* End PBXBuildFile section */

/* Begin PBXContainerItemProxy section */
		7DD81E6B1BB958A10056EE23 /* PBXContainerItemProxy */ = {
			isa = PBXContainerItemProxy;
			containerPortal = 7DD81E491BB958A00056EE23 /* Project object */;
			proxyType = 1;
			remoteGlobalIDString = 7DD81E501BB958A00056EE23;
			remoteInfo = "How they sound?";
		};
/* End PBXContainerItemProxy section */

/* Begin PBXFileReference section */
		7D1483571BDA15D300845442 /* cat.wav */ = {isa = PBXFileReference; lastKnownFileType = audio.wav; path = cat.wav; sourceTree = "<group>"; };
		7D1483581BDA15D300845442 /* chicken.wav */ = {isa = PBXFileReference; lastKnownFileType = audio.wav; path = chicken.wav; sourceTree = "<group>"; };
		7D1483591BDA15D300845442 /* cow.wav */ = {isa = PBXFileReference; lastKnownFileType = audio.wav; path = cow.wav; sourceTree = "<group>"; };
		7D14835A1BDA15D300845442 /* dog.wav */ = {isa = PBXFileReference; lastKnownFileType = audio.wav; path = dog.wav; sourceTree = "<group>"; };
		7D14835B1BDA15D300845442 /* duck.wav */ = {isa = PBXFileReference; lastKnownFileType = audio.wav; path = duck.wav; sourceTree = "<group>"; };
		7D1483611BDA2EFE00845442 /* robo1.png */ = {isa = PBXFileReference; lastKnownFileType = image.png; path = robo1.png; sourceTree = "<group>"; };
		7D1483621BDA2EFE00845442 /* robo2.png */ = {isa = PBXFileReference; lastKnownFileType = image.png; path = robo2.png; sourceTree = "<group>"; };
		7D1483631BDA2EFE00845442 /* robo3.png */ = {isa = PBXFileReference; lastKnownFileType = image.png; path = robo3.png; sourceTree = "<group>"; };
		7D1483641BDA2EFE00845442 /* robo4.png */ = {isa = PBXFileReference; lastKnownFileType = image.png; path = robo4.png; sourceTree = "<group>"; };
		7D1483651BDA2EFE00845442 /* robo5.png */ = {isa = PBXFileReference; lastKnownFileType = image.png; path = robo5.png; sourceTree = "<group>"; };
		7D1483661BDA2EFE00845442 /* robo6.png */ = {isa = PBXFileReference; lastKnownFileType = image.png; path = robo6.png; sourceTree = "<group>"; };
		7D1483671BDA2EFE00845442 /* robo7.png */ = {isa = PBXFileReference; lastKnownFileType = image.png; path = robo7.png; sourceTree = "<group>"; };
		7D1483681BDA2EFE00845442 /* robo8.png */ = {isa = PBXFileReference; lastKnownFileType = image.png; path = robo8.png; sourceTree = "<group>"; };
		7D1483691BDA2EFE00845442 /* robo9.png */ = {isa = PBXFileReference; lastKnownFileType = image.png; path = robo9.png; sourceTree = "<group>"; };
		7D14836A1BDA2EFE00845442 /* robo10.png */ = {isa = PBXFileReference; lastKnownFileType = image.png; path = robo10.png; sourceTree = "<group>"; };
		7D1483751BDA2FFD00845442 /* AnimateViewController.h */ = {isa = PBXFileReference; fileEncoding = 4; lastKnownFileType = sourcecode.c.h; name = AnimateViewController.h; path = ../AnimateViewController.h; sourceTree = "<group>"; };
		7D1483761BDA2FFD00845442 /* AnimateViewController.m */ = {isa = PBXFileReference; fileEncoding = 4; lastKnownFileType = sourcecode.c.objc; name = AnimateViewController.m; path = ../AnimateViewController.m; sourceTree = "<group>"; };
		7D1483781BDA35DC00845442 /* calc.gif */ = {isa = PBXFileReference; lastKnownFileType = image.gif; path = calc.gif; sourceTree = "<group>"; };
		7D6CD1481BD9F75000A33598 /* 4-H-Dog.png */ = {isa = PBXFileReference; lastKnownFileType = image.png; path = "4-H-Dog.png"; sourceTree = "<group>"; };
		7D6CD1491BD9F75000A33598 /* cat-3-icon.png */ = {isa = PBXFileReference; lastKnownFileType = image.png; path = "cat-3-icon.png"; sourceTree = "<group>"; };
		7D6CD14A1BD9F75000A33598 /* cat-speech 16-19-43-065.png */ = {isa = PBXFileReference; lastKnownFileType = image.png; path = "cat-speech 16-19-43-065.png"; sourceTree = "<group>"; };
		7D6CD14B1BD9F75000A33598 /* chicken-image.png */ = {isa = PBXFileReference; lastKnownFileType = image.png; path = "chicken-image.png"; sourceTree = "<group>"; };
		7D6CD14C1BD9F75000A33598 /* chicken-speech.png */ = {isa = PBXFileReference; lastKnownFileType = image.png; path = "chicken-speech.png"; sourceTree = "<group>"; };
		7D6CD14D1BD9F75000A33598 /* cow-speech 16-19-43-098.png */ = {isa = PBXFileReference; lastKnownFileType = image.png; path = "cow-speech 16-19-43-098.png"; sourceTree = "<group>"; };
		7D6CD14E1BD9F75000A33598 /* Dog-speech 16-19-43-071.png */ = {isa = PBXFileReference; lastKnownFileType = image.png; path = "Dog-speech 16-19-43-071.png"; sourceTree = "<group>"; };
		7D6CD14F1BD9F75000A33598 /* Duck-image.png */ = {isa = PBXFileReference; lastKnownFileType = image.png; path = "Duck-image.png"; sourceTree = "<group>"; };
		7D6CD1501BD9F75000A33598 /* duck-speech.png */ = {isa = PBXFileReference; lastKnownFileType = image.png; path = "duck-speech.png"; sourceTree = "<group>"; };
		7D6CD1511BD9F75000A33598 /* Icon_cow_adult_guernsey_128-1.png */ = {isa = PBXFileReference; lastKnownFileType = image.png; path = "Icon_cow_adult_guernsey_128-1.png"; sourceTree = "<group>"; };
		7D6CD1521BD9F75000A33598 /* snake-image.png */ = {isa = PBXFileReference; lastKnownFileType = image.png; path = "snake-image.png"; sourceTree = "<group>"; };
		7D6CD1531BD9F75000A33598 /* snake-sppech.png */ = {isa = PBXFileReference; lastKnownFileType = image.png; path = "snake-sppech.png"; sourceTree = "<group>"; };
		7D6CD1621BD9FB9D00A33598 /* AudioToolbox.framework */ = {isa = PBXFileReference; lastKnownFileType = wrapper.framework; name = AudioToolbox.framework; path = System/Library/Frameworks/AudioToolbox.framework; sourceTree = SDKROOT; };
		7D6CD1641BDA0A9A00A33598 /* AVFoundation.framework */ = {isa = PBXFileReference; lastKnownFileType = wrapper.framework; name = AVFoundation.framework; path = System/Library/Frameworks/AVFoundation.framework; sourceTree = SDKROOT; };
		7D6CD1661BDA0AB900A33598 /* AVKit.framework */ = {isa = PBXFileReference; lastKnownFileType = wrapper.framework; name = AVKit.framework; path = System/Library/Frameworks/AVKit.framework; sourceTree = SDKROOT; };
		7D6CD1681BDA0C9800A33598 /* CoreGraphics.framework */ = {isa = PBXFileReference; lastKnownFileType = wrapper.framework; name = CoreGraphics.framework; path = System/Library/Frameworks/CoreGraphics.framework; sourceTree = SDKROOT; };
		7DD81E511BB958A00056EE23 /* How they sound?.app */ = {isa = PBXFileReference; explicitFileType = wrapper.application; includeInIndex = 0; path = "How they sound?.app"; sourceTree = BUILT_PRODUCTS_DIR; };
		7DD81E551BB958A00056EE23 /* Info.plist */ = {isa = PBXFileReference; lastKnownFileType = text.plist.xml; path = Info.plist; sourceTree = "<group>"; };
		7DD81E561BB958A00056EE23 /* main.m */ = {isa = PBXFileReference; lastKnownFileType = sourcecode.c.objc; path = main.m; sourceTree = "<group>"; };
		7DD81E581BB958A00056EE23 /* AppDelegate.h */ = {isa = PBXFileReference; lastKnownFileType = sourcecode.c.h; path = AppDelegate.h; sourceTree = "<group>"; };
		7DD81E591BB958A00056EE23 /* AppDelegate.m */ = {isa = PBXFileReference; lastKnownFileType = sourcecode.c.objc; path = AppDelegate.m; sourceTree = "<group>"; };
		7DD81E5B1BB958A00056EE23 /* ViewController.h */ = {isa = PBXFileReference; lastKnownFileType = sourcecode.c.h; path = ViewController.h; sourceTree = "<group>"; };
		7DD81E5C1BB958A00056EE23 /* ViewController.m */ = {isa = PBXFileReference; lastKnownFileType = sourcecode.c.objc; path = ViewController.m; sourceTree = "<group>"; };
		7DD81E5F1BB958A00056EE23 /* Base */ = {isa = PBXFileReference; lastKnownFileType = file.storyboard; name = Base; path = Base.lproj/Main.storyboard; sourceTree = "<group>"; };
		7DD81E611BB958A00056EE23 /* Images.xcassets */ = {isa = PBXFileReference; lastKnownFileType = folder.assetcatalog; path = Images.xcassets; sourceTree = "<group>"; };
		7DD81E641BB958A00056EE23 /* Base */ = {isa = PBXFileReference; lastKnownFileType = file.xib; name = Base; path = Base.lproj/LaunchScreen.xib; sourceTree = "<group>"; };
		7DD81E6A1BB958A10056EE23 /* How they sound?Tests.xctest */ = {isa = PBXFileReference; explicitFileType = wrapper.cfbundle; includeInIndex = 0; path = "How they sound?Tests.xctest"; sourceTree = BUILT_PRODUCTS_DIR; };
		7DD81E6F1BB958A10056EE23 /* Info.plist */ = {isa = PBXFileReference; lastKnownFileType = text.plist.xml; path = Info.plist; sourceTree = "<group>"; };
		7DD81E701BB958A10056EE23 /* How_they_sound_Tests.m */ = {isa = PBXFileReference; lastKnownFileType = sourcecode.c.objc; path = How_they_sound_Tests.m; sourceTree = "<group>"; };
		7DD81E821BB9682C0056EE23 /* AnimalSound.h */ = {isa = PBXFileReference; fileEncoding = 4; lastKnownFileType = sourcecode.c.h; path = AnimalSound.h; sourceTree = "<group>"; };
		7DD81E831BB9682C0056EE23 /* AnimalSound.m */ = {isa = PBXFileReference; fileEncoding = 4; lastKnownFileType = sourcecode.c.objc; path = AnimalSound.m; sourceTree = "<group>"; };
/* End PBXFileReference section */

/* Begin PBXFrameworksBuildPhase section */
		7DD81E4E1BB958A00056EE23 /* Frameworks */ = {
			isa = PBXFrameworksBuildPhase;
			buildActionMask = 2147483647;
			files = (
				7D6CD1691BDA0C9800A33598 /* CoreGraphics.framework in Frameworks */,
				7D6CD1671BDA0AB900A33598 /* AVKit.framework in Frameworks */,
				7D6CD1651BDA0A9A00A33598 /* AVFoundation.framework in Frameworks */,
				7D6CD1631BD9FB9D00A33598 /* AudioToolbox.framework in Frameworks */,
			);
			runOnlyForDeploymentPostprocessing = 0;
		};
		7DD81E671BB958A10056EE23 /* Frameworks */ = {
			isa = PBXFrameworksBuildPhase;
			buildActionMask = 2147483647;
			files = (
			);
			runOnlyForDeploymentPostprocessing = 0;
		};
/* End PBXFrameworksBuildPhase section */

/* Begin PBXGroup section */
		7DD81E481BB958A00056EE23 = {
			isa = PBXGroup;
			children = (
				7D6CD1681BDA0C9800A33598 /* CoreGraphics.framework */,
				7D6CD1661BDA0AB900A33598 /* AVKit.framework */,
				7D6CD1641BDA0A9A00A33598 /* AVFoundation.framework */,
				7D6CD1621BD9FB9D00A33598 /* AudioToolbox.framework */,
				7DD81E531BB958A00056EE23 /* How they sound? */,
				7DD81E6D1BB958A10056EE23 /* How they sound?Tests */,
				7DD81E521BB958A00056EE23 /* Products */,
			);
			sourceTree = "<group>";
		};
		7DD81E521BB958A00056EE23 /* Products */ = {
			isa = PBXGroup;
			children = (
				7DD81E511BB958A00056EE23 /* How they sound?.app */,
				7DD81E6A1BB958A10056EE23 /* How they sound?Tests.xctest */,
			);
			name = Products;
			sourceTree = "<group>";
		};
		7DD81E531BB958A00056EE23 /* How they sound? */ = {
			isa = PBXGroup;
			children = (
				7DD81E581BB958A00056EE23 /* AppDelegate.h */,
				7DD81E591BB958A00056EE23 /* AppDelegate.m */,
				7DD81E5B1BB958A00056EE23 /* ViewController.h */,
				7DD81E5C1BB958A00056EE23 /* ViewController.m */,
				7D1483751BDA2FFD00845442 /* AnimateViewController.h */,
				7D1483761BDA2FFD00845442 /* AnimateViewController.m */,
				7DD81E5E1BB958A00056EE23 /* Main.storyboard */,
				7DD81E611BB958A00056EE23 /* Images.xcassets */,
				7DD81E631BB958A00056EE23 /* LaunchScreen.xib */,
				7DD81E541BB958A00056EE23 /* Supporting Files */,
			);
			path = "How they sound?";
			sourceTree = "<group>";
		};
		7DD81E541BB958A00056EE23 /* Supporting Files */ = {
			isa = PBXGroup;
			children = (
				7DD81E551BB958A00056EE23 /* Info.plist */,
				7D1483781BDA35DC00845442 /* calc.gif */,
				7D1483611BDA2EFE00845442 /* robo1.png */,
				7D1483621BDA2EFE00845442 /* robo2.png */,
				7D1483631BDA2EFE00845442 /* robo3.png */,
				7D1483641BDA2EFE00845442 /* robo4.png */,
				7D1483651BDA2EFE00845442 /* robo5.png */,
				7D1483661BDA2EFE00845442 /* robo6.png */,
				7D1483671BDA2EFE00845442 /* robo7.png */,
				7D1483681BDA2EFE00845442 /* robo8.png */,
				7D1483691BDA2EFE00845442 /* robo9.png */,
				7D14836A1BDA2EFE00845442 /* robo10.png */,
				7D1483571BDA15D300845442 /* cat.wav */,
				7D1483581BDA15D300845442 /* chicken.wav */,
				7D1483591BDA15D300845442 /* cow.wav */,
				7D14835A1BDA15D300845442 /* dog.wav */,
				7D14835B1BDA15D300845442 /* duck.wav */,
				7D6CD1481BD9F75000A33598 /* 4-H-Dog.png */,
				7D6CD1491BD9F75000A33598 /* cat-3-icon.png */,
				7D6CD14A1BD9F75000A33598 /* cat-speech 16-19-43-065.png */,
				7D6CD14B1BD9F75000A33598 /* chicken-image.png */,
				7D6CD14C1BD9F75000A33598 /* chicken-speech.png */,
				7D6CD14D1BD9F75000A33598 /* cow-speech 16-19-43-098.png */,
				7D6CD14E1BD9F75000A33598 /* Dog-speech 16-19-43-071.png */,
				7D6CD14F1BD9F75000A33598 /* Duck-image.png */,
				7D6CD1501BD9F75000A33598 /* duck-speech.png */,
				7D6CD1511BD9F75000A33598 /* Icon_cow_adult_guernsey_128-1.png */,
				7D6CD1521BD9F75000A33598 /* snake-image.png */,
				7D6CD1531BD9F75000A33598 /* snake-sppech.png */,
				7DD81E821BB9682C0056EE23 /* AnimalSound.h */,
				7DD81E831BB9682C0056EE23 /* AnimalSound.m */,
				7DD81E561BB958A00056EE23 /* main.m */,
			);
			name = "Supporting Files";
			sourceTree = "<group>";
		};
		7DD81E6D1BB958A10056EE23 /* How they sound?Tests */ = {
			isa = PBXGroup;
			children = (
				7DD81E701BB958A10056EE23 /* How_they_sound_Tests.m */,
				7DD81E6E1BB958A10056EE23 /* Supporting Files */,
			);
			path = "How they sound?Tests";
			sourceTree = "<group>";
		};
		7DD81E6E1BB958A10056EE23 /* Supporting Files */ = {
			isa = PBXGroup;
			children = (
				7DD81E6F1BB958A10056EE23 /* Info.plist */,
			);
			name = "Supporting Files";
			sourceTree = "<group>";
		};
/* End PBXGroup section */

/* Begin PBXNativeTarget section */
		7DD81E501BB958A00056EE23 /* How they sound? */ = {
			isa = PBXNativeTarget;
			buildConfigurationList = 7DD81E741BB958A10056EE23 /* Build configuration list for PBXNativeTarget "How they sound?" */;
			buildPhases = (
				7DD81E4D1BB958A00056EE23 /* Sources */,
				7DD81E4E1BB958A00056EE23 /* Frameworks */,
				7DD81E4F1BB958A00056EE23 /* Resources */,
			);
			buildRules = (
			);
			dependencies = (
			);
			name = "How they sound?";
			productName = "How they sound?";
			productReference = 7DD81E511BB958A00056EE23 /* How they sound?.app */;
			productType = "com.apple.product-type.application";
		};
		7DD81E691BB958A10056EE23 /* How they sound?Tests */ = {
			isa = PBXNativeTarget;
			buildConfigurationList = 7DD81E771BB958A10056EE23 /* Build configuration list for PBXNativeTarget "How they sound?Tests" */;
			buildPhases = (
				7DD81E661BB958A10056EE23 /* Sources */,
				7DD81E671BB958A10056EE23 /* Frameworks */,
				7DD81E681BB958A10056EE23 /* Resources */,
			);
			buildRules = (
			);
			dependencies = (
				7DD81E6C1BB958A10056EE23 /* PBXTargetDependency */,
			);
			name = "How they sound?Tests";
			productName = "How they sound?Tests";
			productReference = 7DD81E6A1BB958A10056EE23 /* How they sound?Tests.xctest */;
			productType = "com.apple.product-type.bundle.unit-test";
		};
/* End PBXNativeTarget section */

/* Begin PBXProject section */
		7DD81E491BB958A00056EE23 /* Project object */ = {
			isa = PBXProject;
			attributes = {
				LastUpgradeCheck = 0640;
				ORGANIZATIONNAME = "Sourcebits Technologies";
				TargetAttributes = {
					7DD81E501BB958A00056EE23 = {
						CreatedOnToolsVersion = 6.4;
					};
					7DD81E691BB958A10056EE23 = {
						CreatedOnToolsVersion = 6.4;
						TestTargetID = 7DD81E501BB958A00056EE23;
					};
				};
			};
			buildConfigurationList = 7DD81E4C1BB958A00056EE23 /* Build configuration list for PBXProject "How they sound?" */;
			compatibilityVersion = "Xcode 3.2";
			developmentRegion = English;
			hasScannedForEncodings = 0;
			knownRegions = (
				en,
				Base,
			);
			mainGroup = 7DD81E481BB958A00056EE23;
			productRefGroup = 7DD81E521BB958A00056EE23 /* Products */;
			projectDirPath = "";
			projectRoot = "";
			targets = (
				7DD81E501BB958A00056EE23 /* How they sound? */,
				7DD81E691BB958A10056EE23 /* How they sound?Tests */,
			);
		};
/* End PBXProject section */

/* Begin PBXResourcesBuildPhase section */
		7DD81E4F1BB958A00056EE23 /* Resources */ = {
			isa = PBXResourcesBuildPhase;
			buildActionMask = 2147483647;
			files = (
				7D14835E1BDA15D300845442 /* cow.wav in Resources */,
				7D6CD15B1BD9F75000A33598 /* Duck-image.png in Resources */,
				7DD81E601BB958A00056EE23 /* Main.storyboard in Resources */,
				7D1483711BDA2EFE00845442 /* robo7.png in Resources */,
				7D14836D1BDA2EFE00845442 /* robo3.png in Resources */,
				7D14836B1BDA2EFE00845442 /* robo1.png in Resources */,
				7D14835D1BDA15D300845442 /* chicken.wav in Resources */,
				7D14836F1BDA2EFE00845442 /* robo5.png in Resources */,
				7D6CD15D1BD9F75000A33598 /* Icon_cow_adult_guernsey_128-1.png in Resources */,
				7D1483791BDA35DC00845442 /* calc.gif in Resources */,
				7D6CD15C1BD9F75000A33598 /* duck-speech.png in Resources */,
				7D1483721BDA2EFE00845442 /* robo8.png in Resources */,
				7D6CD1591BD9F75000A33598 /* cow-speech 16-19-43-098.png in Resources */,
				7D6CD15F1BD9F75000A33598 /* snake-sppech.png in Resources */,
				7D6CD1571BD9F75000A33598 /* chicken-image.png in Resources */,
				7D14836C1BDA2EFE00845442 /* robo2.png in Resources */,
				7D6CD15E1BD9F75000A33598 /* snake-image.png in Resources */,
				7D1483741BDA2EFE00845442 /* robo10.png in Resources */,
				7D6CD1561BD9F75000A33598 /* cat-speech 16-19-43-065.png in Resources */,
				7D6CD15A1BD9F75000A33598 /* Dog-speech 16-19-43-071.png in Resources */,
				7D6CD1581BD9F75000A33598 /* chicken-speech.png in Resources */,
				7D14835F1BDA15D300845442 /* dog.wav in Resources */,
				7D14835C1BDA15D300845442 /* cat.wav in Resources */,
				7D1483731BDA2EFE00845442 /* robo9.png in Resources */,
				7D14836E1BDA2EFE00845442 /* robo4.png in Resources */,
				7D1483701BDA2EFE00845442 /* robo6.png in Resources */,
				7D1483601BDA15D300845442 /* duck.wav in Resources */,
				7DD81E651BB958A00056EE23 /* LaunchScreen.xib in Resources */,
				7D6CD1541BD9F75000A33598 /* 4-H-Dog.png in Resources */,
				7D6CD1551BD9F75000A33598 /* cat-3-icon.png in Resources */,
				7DD81E621BB958A00056EE23 /* Images.xcassets in Resources */,
			);
			runOnlyForDeploymentPostprocessing = 0;
		};
		7DD81E681BB958A10056EE23 /* Resources */ = {
			isa = PBXResourcesBuildPhase;
			buildActionMask = 2147483647;
			files = (
			);
			runOnlyForDeploymentPostprocessing = 0;
		};
/* End PBXResourcesBuildPhase section */

/* Begin PBXSourcesBuildPhase section */
		7DD81E4D1BB958A00056EE23 /* Sources */ = {
			isa = PBXSourcesBuildPhase;
			buildActionMask = 2147483647;
			files = (
				7DD81E5D1BB958A00056EE23 /* ViewController.m in Sources */,
				7DD81E5A1BB958A00056EE23 /* AppDelegate.m in Sources */,
				7D1483771BDA2FFD00845442 /* AnimateViewController.m in Sources */,
				7DD81E571BB958A00056EE23 /* main.m in Sources */,
				7DD81E841BB9682C0056EE23 /* AnimalSound.m in Sources */,
			);
			runOnlyForDeploymentPostprocessing = 0;
		};
		7DD81E661BB958A10056EE23 /* Sources */ = {
			isa = PBXSourcesBuildPhase;
			buildActionMask = 2147483647;
			files = (
				7DD81E711BB958A10056EE23 /* How_they_sound_Tests.m in Sources */,
			);
			runOnlyForDeploymentPostprocessing = 0;
		};
/* End PBXSourcesBuildPhase section */

/* Begin PBXTargetDependency section */
		7DD81E6C1BB958A10056EE23 /* PBXTargetDependency */ = {
			isa = PBXTargetDependency;
			target = 7DD81E501BB958A00056EE23 /* How they sound? */;
			targetProxy = 7DD81E6B1BB958A10056EE23 /* PBXContainerItemProxy */;
		};
/* End PBXTargetDependency section */

/* Begin PBXVariantGroup section */
		7DD81E5E1BB958A00056EE23 /* Main.storyboard */ = {
			isa = PBXVariantGroup;
			children = (
				7DD81E5F1BB958A00056EE23 /* Base */,
			);
			name = Main.storyboard;
			sourceTree = "<group>";
		};
		7DD81E631BB958A00056EE23 /* LaunchScreen.xib */ = {
			isa = PBXVariantGroup;
			children = (
				7DD81E641BB958A00056EE23 /* Base */,
			);
			name = LaunchScreen.xib;
			sourceTree = "<group>";
		};
/* End PBXVariantGroup section */

/* Begin XCBuildConfiguration section */
		7DD81E721BB958A10056EE23 /* Debug */ = {
			isa = XCBuildConfiguration;
			buildSettings = {
				ALWAYS_SEARCH_USER_PATHS = NO;
				CLANG_CXX_LANGUAGE_STANDARD = "gnu++0x";
				CLANG_CXX_LIBRARY = "libc++";
				CLANG_ENABLE_MODULES = YES;
				CLANG_ENABLE_OBJC_ARC = YES;
				CLANG_WARN_BOOL_CONVERSION = YES;
				CLANG_WARN_CONSTANT_CONVERSION = YES;
				CLANG_WARN_DIRECT_OBJC_ISA_USAGE = YES_ERROR;
				CLANG_WARN_EMPTY_BODY = YES;
				CLANG_WARN_ENUM_CONVERSION = YES;
				CLANG_WARN_INT_CONVERSION = YES;
				CLANG_WARN_OBJC_ROOT_CLASS = YES_ERROR;
				CLANG_WARN_UNREACHABLE_CODE = YES;
				CLANG_WARN__DUPLICATE_METHOD_MATCH = YES;
				"CODE_SIGN_IDENTITY[sdk=iphoneos*]" = "iPhone Developer";
				COPY_PHASE_STRIP = NO;
				DEBUG_INFORMATION_FORMAT = "dwarf-with-dsym";
				ENABLE_STRICT_OBJC_MSGSEND = YES;
				GCC_C_LANGUAGE_STANDARD = gnu99;
				GCC_DYNAMIC_NO_PIC = NO;
				GCC_NO_COMMON_BLOCKS = YES;
				GCC_OPTIMIZATION_LEVEL = 0;
				GCC_PREPROCESSOR_DEFINITIONS = (
					"DEBUG=1",
					"$(inherited)",
				);
				GCC_SYMBOLS_PRIVATE_EXTERN = NO;
				GCC_WARN_64_TO_32_BIT_CONVERSION = YES;
				GCC_WARN_ABOUT_RETURN_TYPE = YES_ERROR;
				GCC_WARN_UNDECLARED_SELECTOR = YES;
				GCC_WARN_UNINITIALIZED_AUTOS = YES_AGGRESSIVE;
				GCC_WARN_UNUSED_FUNCTION = YES;
				GCC_WARN_UNUSED_VARIABLE = YES;
				IPHONEOS_DEPLOYMENT_TARGET = 8.4;
				MTL_ENABLE_DEBUG_INFO = YES;
				ONLY_ACTIVE_ARCH = YES;
				SDKROOT = iphoneos;
			};
			name = Debug;
		};
		7DD81E731BB958A10056EE23 /* Release */ = {
			isa = XCBuildConfiguration;
			buildSettings = {
				ALWAYS_SEARCH_USER_PATHS = NO;
				CLANG_CXX_LANGUAGE_STANDARD = "gnu++0x";
				CLANG_CXX_LIBRARY = "libc++";
				CLANG_ENABLE_MODULES = YES;
				CLANG_ENABLE_OBJC_ARC = YES;
				CLANG_WARN_BOOL_CONVERSION = YES;
				CLANG_WARN_CONSTANT_CONVERSION = YES;
				CLANG_WARN_DIRECT_OBJC_ISA_USAGE = YES_ERROR;
				CLANG_WARN_EMPTY_BODY = YES;
				CLANG_WARN_ENUM_CONVERSION = YES;
				CLANG_WARN_INT_CONVERSION = YES;
				CLANG_WARN_OBJC_ROOT_CLASS = YES_ERROR;
				CLANG_WARN_UNREACHABLE_CODE = YES;
				CLANG_WARN__DUPLICATE_METHOD_MATCH = YES;
				"CODE_SIGN_IDENTITY[sdk=iphoneos*]" = "iPhone Developer";
				COPY_PHASE_STRIP = NO;
				DEBUG_INFORMATION_FORMAT = "dwarf-with-dsym";
				ENABLE_NS_ASSERTIONS = NO;
				ENABLE_STRICT_OBJC_MSGSEND = YES;
				GCC_C_LANGUAGE_STANDARD = gnu99;
				GCC_NO_COMMON_BLOCKS = YES;
				GCC_WARN_64_TO_32_BIT_CONVERSION = YES;
				GCC_WARN_ABOUT_RETURN_TYPE = YES_ERROR;
				GCC_WARN_UNDECLARED_SELECTOR = YES;
				GCC_WARN_UNINITIALIZED_AUTOS = YES_AGGRESSIVE;
				GCC_WARN_UNUSED_FUNCTION = YES;
				GCC_WARN_UNUSED_VARIABLE = YES;
				IPHONEOS_DEPLOYMENT_TARGET = 8.4;
				MTL_ENABLE_DEBUG_INFO = NO;
				SDKROOT = iphoneos;
				VALIDATE_PRODUCT = YES;
			};
			name = Release;
		};
		7DD81E751BB958A10056EE23 /* Debug */ = {
			isa = XCBuildConfiguration;
			buildSettings = {
				ASSETCATALOG_COMPILER_APPICON_NAME = AppIcon;
				INFOPLIST_FILE = "How they sound?/Info.plist";
				LD_RUNPATH_SEARCH_PATHS = "$(inherited) @executable_path/Frameworks";
				PRODUCT_NAME = "$(TARGET_NAME)";
			};
			name = Debug;
		};
		7DD81E761BB958A10056EE23 /* Release */ = {
			isa = XCBuildConfiguration;
			buildSettings = {
				ASSETCATALOG_COMPILER_APPICON_NAME = AppIcon;
				INFOPLIST_FILE = "How they sound?/Info.plist";
				LD_RUNPATH_SEARCH_PATHS = "$(inherited) @executable_path/Frameworks";
				PRODUCT_NAME = "$(TARGET_NAME)";
			};
			name = Release;
		};
		7DD81E781BB958A10056EE23 /* Debug */ = {
			isa = XCBuildConfiguration;
			buildSettings = {
				BUNDLE_LOADER = "$(TEST_HOST)";
				FRAMEWORK_SEARCH_PATHS = (
					"$(SDKROOT)/Developer/Library/Frameworks",
					"$(inherited)",
				);
				GCC_PREPROCESSOR_DEFINITIONS = (
					"DEBUG=1",
					"$(inherited)",
				);
				INFOPLIST_FILE = "How they sound?Tests/Info.plist";
				LD_RUNPATH_SEARCH_PATHS = "$(inherited) @executable_path/Frameworks @loader_path/Frameworks";
				PRODUCT_NAME = "$(TARGET_NAME)";
				TEST_HOST = "$(BUILT_PRODUCTS_DIR)/How they sound?.app/How they sound?";
			};
			name = Debug;
		};
		7DD81E791BB958A10056EE23 /* Release */ = {
			isa = XCBuildConfiguration;
			buildSettings = {
				BUNDLE_LOADER = "$(TEST_HOST)";
				FRAMEWORK_SEARCH_PATHS = (
					"$(SDKROOT)/Developer/Library/Frameworks",
					"$(inherited)",
				);
				INFOPLIST_FILE = "How they sound?Tests/Info.plist";
				LD_RUNPATH_SEARCH_PATHS = "$(inherited) @executable_path/Frameworks @loader_path/Frameworks";
				PRODUCT_NAME = "$(TARGET_NAME)";
				TEST_HOST = "$(BUILT_PRODUCTS_DIR)/How they sound?.app/How they sound?";
			};
			name = Release;
		};
/* End XCBuildConfiguration section */

/* Begin XCConfigurationList section */
		7DD81E4C1BB958A00056EE23 /* Build configuration list for PBXProject "How they sound?" */ = {
			isa = XCConfigurationList;
			buildConfigurations = (
				7DD81E721BB958A10056EE23 /* Debug */,
				7DD81E731BB958A10056EE23 /* Release */,
			);
			defaultConfigurationIsVisible = 0;
			defaultConfigurationName = Release;
		};
		7DD81E741BB958A10056EE23 /* Build configuration list for PBXNativeTarget "How they sound?" */ = {
			isa = XCConfigurationList;
			buildConfigurations = (
				7DD81E751BB958A10056EE23 /* Debug */,
				7DD81E761BB958A10056EE23 /* Release */,
			);
			defaultConfigurationIsVisible = 0;
			defaultConfigurationName = Release;
		};
		7DD81E771BB958A10056EE23 /* Build configuration list for PBXNativeTarget "How they sound?Tests" */ = {
			isa = XCConfigurationList;
			buildConfigurations = (
				7DD81E781BB958A10056EE23 /* Debug */,
				7DD81E791BB958A10056EE23 /* Release */,
			);
			defaultConfigurationIsVisible = 0;
			defaultConfigurationName = Release;
		};
/* End XCConfigurationList section */
	};
	rootObject = 7DD81E491BB958A00056EE23 /* Project object */;
}
